
Microsoft Visual Studio Solution File, Format Version 12.00
# Visual Studio 15
VisualStudioVersion = 15.0.26730.16
MinimumVisualStudioVersion = 10.0.40219.1
Project("{FAE04EC0-301F-11D3-BF4B-00C04F79EFBC}") = "PCSWebAPP", "PCSWebAPP.csproj", "{116823B1-01BF-4C0B-A12D-2CADCB9D557D}"
EndProject
Global
	GlobalSection(SolutionConfigurationPlatforms) = preSolution
		Debug|Any CPU = Debug|Any CPU
		Release|Any CPU = Release|Any CPU
	EndGlobalSection
	GlobalSection(ProjectConfigurationPlatforms) = postSolution
		{116823B1-01BF-4C0B-A12D-2CADCB9D557D}.Debug|Any CPU.ActiveCfg = Debug|Any CPU
		{116823B1-01BF-4C0B-A12D-2CADCB9D557D}.Debug|Any CPU.Build.0 = Debug|Any CPU
		{116823B1-01BF-4C0B-A12D-2CADCB9D557D}.Release|Any CPU.ActiveCfg = Release|Any CPU
		{116823B1-01BF-4C0B-A12D-2CADCB9D557D}.Release|Any CPU.Build.0 = Release|Any CPU
	EndGlobalSection
	GlobalSection(SolutionProperties) = preSolution
		HideSolutionNode = FALSE
	EndGlobalSection
	GlobalSection(ExtensibilityGlobals) = postSolution
		SolutionGuid = {24718A5B-F7FE-4624-B5F6-4339F1846716}
	EndGlobalSection
EndGlobal
